
Microsoft Visual Studio Solution File, Format Version 12.00
# Visual Studio 15
VisualStudioVersion = 15.0.28307.168
MinimumVisualStudioVersion = 10.0.40219.1
Project("{FAE04EC0-301F-11D3-BF4B-00C04F79EFBC}") = "SEODemoTask", "SEODemoTask\SEODemoTask.csproj", "{E74C32F2-04EE-40D3-8117-B144ED22DF4C}"
EndProject
Project("{FAE04EC0-301F-11D3-BF4B-00C04F79EFBC}") = "SearchAPI", "SearchAPI\SearchAPI.csproj", "{F4001BC6-848D-4AEF-AA4C-F8FD936E989C}"
EndProject
Project("{FAE04EC0-301F-11D3-BF4B-00C04F79EFBC}") = "Search.DAL", "Search.DAL\Search.DAL.csproj", "{D67566F3-8079-4788-8145-9F06B3592F54}"
EndProject
Project("{FAE04EC0-301F-11D3-BF4B-00C04F79EFBC}") = "Search.Business", "Search.Business\Search.Business.csproj", "{6CB0F64D-3197-4FD3-A77B-C7E3D768280B}"
EndProject
Global
	GlobalSection(SolutionConfigurationPlatforms) = preSolution
		Debug|Any CPU = Debug|Any CPU
		Release|Any CPU = Release|Any CPU
	EndGlobalSection
	GlobalSection(ProjectConfigurationPlatforms) = postSolution
		{E74C32F2-04EE-40D3-8117-B144ED22DF4C}.Debug|Any CPU.ActiveCfg = Debug|Any CPU
		{E74C32F2-04EE-40D3-8117-B144ED22DF4C}.Debug|Any CPU.Build.0 = Debug|Any CPU
		{E74C32F2-04EE-40D3-8117-B144ED22DF4C}.Release|Any CPU.ActiveCfg = Release|Any CPU
		{E74C32F2-04EE-40D3-8117-B144ED22DF4C}.Release|Any CPU.Build.0 = Release|Any CPU
		{F4001BC6-848D-4AEF-AA4C-F8FD936E989C}.Debug|Any CPU.ActiveCfg = Debug|Any CPU
		{F4001BC6-848D-4AEF-AA4C-F8FD936E989C}.Debug|Any CPU.Build.0 = Debug|Any CPU
		{F4001BC6-848D-4AEF-AA4C-F8FD936E989C}.Release|Any CPU.ActiveCfg = Release|Any CPU
		{F4001BC6-848D-4AEF-AA4C-F8FD936E989C}.Release|Any CPU.Build.0 = Release|Any CPU
		{D67566F3-8079-4788-8145-9F06B3592F54}.Debug|Any CPU.ActiveCfg = Debug|Any CPU
		{D67566F3-8079-4788-8145-9F06B3592F54}.Debug|Any CPU.Build.0 = Debug|Any CPU
		{D67566F3-8079-4788-8145-9F06B3592F54}.Release|Any CPU.ActiveCfg = Release|Any CPU
		{D67566F3-8079-4788-8145-9F06B3592F54}.Release|Any CPU.Build.0 = Release|Any CPU
		{6CB0F64D-3197-4FD3-A77B-C7E3D768280B}.Debug|Any CPU.ActiveCfg = Debug|Any CPU
		{6CB0F64D-3197-4FD3-A77B-C7E3D768280B}.Debug|Any CPU.Build.0 = Debug|Any CPU
		{6CB0F64D-3197-4FD3-A77B-C7E3D768280B}.Release|Any CPU.ActiveCfg = Release|Any CPU
		{6CB0F64D-3197-4FD3-A77B-C7E3D768280B}.Release|Any CPU.Build.0 = Release|Any CPU
	EndGlobalSection
	GlobalSection(SolutionProperties) = preSolution
		HideSolutionNode = FALSE
	EndGlobalSection
	GlobalSection(ExtensibilityGlobals) = postSolution
		SolutionGuid = {CB02C68F-6562-44D3-9640-A1413B10A757}
	EndGlobalSection
EndGlobal
